
Microsoft Visual Studio Solution File, Format Version 12.00
Project("{FAE04EC0-301F-11D3-BF4B-00C04F79EFBC}") = "Gomoku", "Gomoku\Gomoku.csproj", "{B0F9DE16-F214-4C13-ADD6-ABD56DC29F29}"
EndProject
Project("{FAE04EC0-301F-11D3-BF4B-00C04F79EFBC}") = "Gomoku.Data", "Gomoku.Data\Gomoku.Data.csproj", "{0CA7C5AC-6703-4455-96CA-9A7B48C2E383}"
EndProject
Project("{FAE04EC0-301F-11D3-BF4B-00C04F79EFBC}") = "Gomoku.Tests", "Gomoku.Tests\Gomoku.Tests.csproj", "{D48351DA-0D2D-4E54-9D2F-4ED87708FB8D}"
EndProject
Global
	GlobalSection(SolutionConfigurationPlatforms) = preSolution
		Debug|Any CPU = Debug|Any CPU
		Debug|x64 = Debug|x64
		Debug|x86 = Debug|x86
		Release|Any CPU = Release|Any CPU
		Release|x64 = Release|x64
		Release|x86 = Release|x86
	EndGlobalSection
	GlobalSection(ProjectConfigurationPlatforms) = postSolution
		{B0F9DE16-F214-4C13-ADD6-ABD56DC29F29}.Debug|Any CPU.ActiveCfg = Debug|Any CPU
		{B0F9DE16-F214-4C13-ADD6-ABD56DC29F29}.Debug|Any CPU.Build.0 = Debug|Any CPU
		{B0F9DE16-F214-4C13-ADD6-ABD56DC29F29}.Debug|x64.ActiveCfg = Debug|Any CPU
		{B0F9DE16-F214-4C13-ADD6-ABD56DC29F29}.Debug|x64.Build.0 = Debug|Any CPU
		{B0F9DE16-F214-4C13-ADD6-ABD56DC29F29}.Debug|x86.ActiveCfg = Debug|Any CPU
		{B0F9DE16-F214-4C13-ADD6-ABD56DC29F29}.Debug|x86.Build.0 = Debug|Any CPU
		{B0F9DE16-F214-4C13-ADD6-ABD56DC29F29}.Release|Any CPU.ActiveCfg = Release|Any CPU
		{B0F9DE16-F214-4C13-ADD6-ABD56DC29F29}.Release|Any CPU.Build.0 = Release|Any CPU
		{B0F9DE16-F214-4C13-ADD6-ABD56DC29F29}.Release|x64.ActiveCfg = Release|Any CPU
		{B0F9DE16-F214-4C13-ADD6-ABD56DC29F29}.Release|x64.Build.0 = Release|Any CPU
		{B0F9DE16-F214-4C13-ADD6-ABD56DC29F29}.Release|x86.ActiveCfg = Release|Any CPU
		{B0F9DE16-F214-4C13-ADD6-ABD56DC29F29}.Release|x86.Build.0 = Release|Any CPU
		{0CA7C5AC-6703-4455-96CA-9A7B48C2E383}.Debug|Any CPU.ActiveCfg = Debug|Any CPU
		{0CA7C5AC-6703-4455-96CA-9A7B48C2E383}.Debug|Any CPU.Build.0 = Debug|Any CPU
		{0CA7C5AC-6703-4455-96CA-9A7B48C2E383}.Debug|x64.ActiveCfg = Debug|Any CPU
		{0CA7C5AC-6703-4455-96CA-9A7B48C2E383}.Debug|x64.Build.0 = Debug|Any CPU
		{0CA7C5AC-6703-4455-96CA-9A7B48C2E383}.Debug|x86.ActiveCfg = Debug|Any CPU
		{0CA7C5AC-6703-4455-96CA-9A7B48C2E383}.Debug|x86.Build.0 = Debug|Any CPU
		{0CA7C5AC-6703-4455-96CA-9A7B48C2E383}.Release|Any CPU.ActiveCfg = Release|Any CPU
		{0CA7C5AC-6703-4455-96CA-9A7B48C2E383}.Release|Any CPU.Build.0 = Release|Any CPU
		{0CA7C5AC-6703-4455-96CA-9A7B48C2E383}.Release|x64.ActiveCfg = Release|Any CPU
		{0CA7C5AC-6703-4455-96CA-9A7B48C2E383}.Release|x64.Build.0 = Release|Any CPU
		{0CA7C5AC-6703-4455-96CA-9A7B48C2E383}.Release|x86.ActiveCfg = Release|Any CPU
		{0CA7C5AC-6703-4455-96CA-9A7B48C2E383}.Release|x86.Build.0 = Release|Any CPU
		{D48351DA-0D2D-4E54-9D2F-4ED87708FB8D}.Debug|Any CPU.ActiveCfg = Debug|Any CPU
		{D48351DA-0D2D-4E54-9D2F-4ED87708FB8D}.Debug|Any CPU.Build.0 = Debug|Any CPU
		{D48351DA-0D2D-4E54-9D2F-4ED87708FB8D}.Debug|x64.ActiveCfg = Debug|Any CPU
		{D48351DA-0D2D-4E54-9D2F-4ED87708FB8D}.Debug|x64.Build.0 = Debug|Any CPU
		{D48351DA-0D2D-4E54-9D2F-4ED87708FB8D}.Debug|x86.ActiveCfg = Debug|Any CPU
		{D48351DA-0D2D-4E54-9D2F-4ED87708FB8D}.Debug|x86.Build.0 = Debug|Any CPU
		{D48351DA-0D2D-4E54-9D2F-4ED87708FB8D}.Release|Any CPU.ActiveCfg = Release|Any CPU
		{D48351DA-0D2D-4E54-9D2F-4ED87708FB8D}.Release|Any CPU.Build.0 = Release|Any CPU
		{D48351DA-0D2D-4E54-9D2F-4ED87708FB8D}.Release|x64.ActiveCfg = Release|Any CPU
		{D48351DA-0D2D-4E54-9D2F-4ED87708FB8D}.Release|x64.Build.0 = Release|Any CPU
		{D48351DA-0D2D-4E54-9D2F-4ED87708FB8D}.Release|x86.ActiveCfg = Release|Any CPU
		{D48351DA-0D2D-4E54-9D2F-4ED87708FB8D}.Release|x86.Build.0 = Release|Any CPU
	EndGlobalSection
	GlobalSection(SolutionProperties) = preSolution
		HideSolutionNode = FALSE
	EndGlobalSection
EndGlobal
